// !$*UTF8*$!
{
	archiveVersion = 1;
	classes = {
	};
	objectVersion = 50;
	objects = {

/* Begin PBXBuildFile section */
		232A036B26A5FA6C000EA329 /* AppDelegate.swift in Sources */ = {isa = PBXBuildFile; fileRef = 232A036A26A5FA6C000EA329 /* AppDelegate.swift */; };
		232A036D26A5FA6C000EA329 /* SceneDelegate.swift in Sources */ = {isa = PBXBuildFile; fileRef = 232A036C26A5FA6C000EA329 /* SceneDelegate.swift */; };
		232A036F26A5FA6C000EA329 /* ViewController.swift in Sources */ = {isa = PBXBuildFile; fileRef = 232A036E26A5FA6C000EA329 /* ViewController.swift */; };
		232A037226A5FA6C000EA329 /* Main.storyboard in Resources */ = {isa = PBXBuildFile; fileRef = 232A037026A5FA6C000EA329 /* Main.storyboard */; };
		232A037526A5FA6C000EA329 /* ToDo_List.xcdatamodeld in Sources */ = {isa = PBXBuildFile; fileRef = 232A037326A5FA6C000EA329 /* ToDo_List.xcdatamodeld */; };
		232A037726A5FA70000EA329 /* Assets.xcassets in Resources */ = {isa = PBXBuildFile; fileRef = 232A037626A5FA70000EA329 /* Assets.xcassets */; };
		232A037A26A5FA70000EA329 /* LaunchScreen.storyboard in Resources */ = {isa = PBXBuildFile; fileRef = 232A037826A5FA70000EA329 /* LaunchScreen.storyboard */; };
		232A038526A5FA70000EA329 /* ToDo_ListTests.swift in Sources */ = {isa = PBXBuildFile; fileRef = 232A038426A5FA70000EA329 /* ToDo_ListTests.swift */; };
		232A039026A5FA70000EA329 /* ToDo_ListUITests.swift in Sources */ = {isa = PBXBuildFile; fileRef = 232A038F26A5FA70000EA329 /* ToDo_ListUITests.swift */; };
/* End PBXBuildFile section */

/* Begin PBXContainerItemProxy section */
		232A038126A5FA70000EA329 /* PBXContainerItemProxy */ = {
			isa = PBXContainerItemProxy;
			containerPortal = 232A035F26A5FA6B000EA329 /* Project object */;
			proxyType = 1;
			remoteGlobalIDString = 232A036626A5FA6B000EA329;
			remoteInfo = "ToDo List";
		};
		232A038C26A5FA70000EA329 /* PBXContainerItemProxy */ = {
			isa = PBXContainerItemProxy;
			containerPortal = 232A035F26A5FA6B000EA329 /* Project object */;
			proxyType = 1;
			remoteGlobalIDString = 232A036626A5FA6B000EA329;
			remoteInfo = "ToDo List";
		};
/* End PBXContainerItemProxy section */

/* Begin PBXFileReference section */
		232A036726A5FA6C000EA329 /* ToDo List.app */ = {isa = PBXFileReference; explicitFileType = wrapper.application; includeInIndex = 0; path = "ToDo List.app"; sourceTree = BUILT_PRODUCTS_DIR; };
		232A036A26A5FA6C000EA329 /* AppDelegate.swift */ = {isa = PBXFileReference; lastKnownFileType = sourcecode.swift; path = AppDelegate.swift; sourceTree = "<group>"; };
		232A036C26A5FA6C000EA329 /* SceneDelegate.swift */ = {isa = PBXFileReference; lastKnownFileType = sourcecode.swift; path = SceneDelegate.swift; sourceTree = "<group>"; };
		232A036E26A5FA6C000EA329 /* ViewController.swift */ = {isa = PBXFileReference; lastKnownFileType = sourcecode.swift; path = ViewController.swift; sourceTree = "<group>"; };
		232A037126A5FA6C000EA329 /* Base */ = {isa = PBXFileReference; lastKnownFileType = file.storyboard; name = Base; path = Base.lproj/Main.storyboard; sourceTree = "<group>"; };
		232A037426A5FA6C000EA329 /* ToDo_List.xcdatamodel */ = {isa = PBXFileReference; lastKnownFileType = wrapper.xcdatamodel; path = ToDo_List.xcdatamodel; sourceTree = "<group>"; };
		232A037626A5FA70000EA329 /* Assets.xcassets */ = {isa = PBXFileReference; lastKnownFileType = folder.assetcatalog; path = Assets.xcassets; sourceTree = "<group>"; };
		232A037926A5FA70000EA329 /* Base */ = {isa = PBXFileReference; lastKnownFileType = file.storyboard; name = Base; path = Base.lproj/LaunchScreen.storyboard; sourceTree = "<group>"; };
		232A037B26A5FA70000EA329 /* Info.plist */ = {isa = PBXFileReference; lastKnownFileType = text.plist.xml; path = Info.plist; sourceTree = "<group>"; };
		232A038026A5FA70000EA329 /* ToDo ListTests.xctest */ = {isa = PBXFileReference; explicitFileType = wrapper.cfbundle; includeInIndex = 0; path = "ToDo ListTests.xctest"; sourceTree = BUILT_PRODUCTS_DIR; };
		232A038426A5FA70000EA329 /* ToDo_ListTests.swift */ = {isa = PBXFileReference; lastKnownFileType = sourcecode.swift; path = ToDo_ListTests.swift; sourceTree = "<group>"; };
		232A038626A5FA70000EA329 /* Info.plist */ = {isa = PBXFileReference; lastKnownFileType = text.plist.xml; path = Info.plist; sourceTree = "<group>"; };
		232A038B26A5FA70000EA329 /* ToDo ListUITests.xctest */ = {isa = PBXFileReference; explicitFileType = wrapper.cfbundle; includeInIndex = 0; path = "ToDo ListUITests.xctest"; sourceTree = BUILT_PRODUCTS_DIR; };
		232A038F26A5FA70000EA329 /* ToDo_ListUITests.swift */ = {isa = PBXFileReference; lastKnownFileType = sourcecode.swift; path = ToDo_ListUITests.swift; sourceTree = "<group>"; };
		232A039126A5FA70000EA329 /* Info.plist */ = {isa = PBXFileReference; lastKnownFileType = text.plist.xml; path = Info.plist; sourceTree = "<group>"; };
/* End PBXFileReference section */

/* Begin PBXFrameworksBuildPhase section */
		232A036426A5FA6B000EA329 /* Frameworks */ = {
			isa = PBXFrameworksBuildPhase;
			buildActionMask = 2147483647;
			files = (
			);
			runOnlyForDeploymentPostprocessing = 0;
		};
		232A037D26A5FA70000EA329 /* Frameworks */ = {
			isa = PBXFrameworksBuildPhase;
			buildActionMask = 2147483647;
			files = (
			);
			runOnlyForDeploymentPostprocessing = 0;
		};
		232A038826A5FA70000EA329 /* Frameworks */ = {
			isa = PBXFrameworksBuildPhase;
			buildActionMask = 2147483647;
			files = (
			);
			runOnlyForDeploymentPostprocessing = 0;
		};
/* End PBXFrameworksBuildPhase section */

/* Begin PBXGroup section */
		232A035E26A5FA6B000EA329 = {
			isa = PBXGroup;
			children = (
				232A036926A5FA6C000EA329 /* ToDo List */,
				232A038326A5FA70000EA329 /* ToDo ListTests */,
				232A038E26A5FA70000EA329 /* ToDo ListUITests */,
				232A036826A5FA6C000EA329 /* Products */,
			);
			sourceTree = "<group>";
		};
		232A036826A5FA6C000EA329 /* Products */ = {
			isa = PBXGroup;
			children = (
				232A036726A5FA6C000EA329 /* ToDo List.app */,
				232A038026A5FA70000EA329 /* ToDo ListTests.xctest */,
				232A038B26A5FA70000EA329 /* ToDo ListUITests.xctest */,
			);
			name = Products;
			sourceTree = "<group>";
		};
		232A036926A5FA6C000EA329 /* ToDo List */ = {
			isa = PBXGroup;
			children = (
				232A036A26A5FA6C000EA329 /* AppDelegate.swift */,
				232A036C26A5FA6C000EA329 /* SceneDelegate.swift */,
				232A036E26A5FA6C000EA329 /* ViewController.swift */,
				232A037026A5FA6C000EA329 /* Main.storyboard */,
				232A037626A5FA70000EA329 /* Assets.xcassets */,
				232A037826A5FA70000EA329 /* LaunchScreen.storyboard */,
				232A037B26A5FA70000EA329 /* Info.plist */,
				232A037326A5FA6C000EA329 /* ToDo_List.xcdatamodeld */,
			);
			path = "ToDo List";
			sourceTree = "<group>";
		};
		232A038326A5FA70000EA329 /* ToDo ListTests */ = {
			isa = PBXGroup;
			children = (
				232A038426A5FA70000EA329 /* ToDo_ListTests.swift */,
				232A038626A5FA70000EA329 /* Info.plist */,
			);
			path = "ToDo ListTests";
			sourceTree = "<group>";
		};
		232A038E26A5FA70000EA329 /* ToDo ListUITests */ = {
			isa = PBXGroup;
			children = (
				232A038F26A5FA70000EA329 /* ToDo_ListUITests.swift */,
				232A039126A5FA70000EA329 /* Info.plist */,
			);
			path = "ToDo ListUITests";
			sourceTree = "<group>";
		};
/* End PBXGroup section */

/* Begin PBXNativeTarget section */
		232A036626A5FA6B000EA329 /* ToDo List */ = {
			isa = PBXNativeTarget;
			buildConfigurationList = 232A039426A5FA70000EA329 /* Build configuration list for PBXNativeTarget "ToDo List" */;
			buildPhases = (
				232A036326A5FA6B000EA329 /* Sources */,
				232A036426A5FA6B000EA329 /* Frameworks */,
				232A036526A5FA6B000EA329 /* Resources */,
			);
			buildRules = (
			);
			dependencies = (
			);
			name = "ToDo List";
			productName = "ToDo List";
			productReference = 232A036726A5FA6C000EA329 /* ToDo List.app */;
			productType = "com.apple.product-type.application";
		};
		232A037F26A5FA70000EA329 /* ToDo ListTests */ = {
			isa = PBXNativeTarget;
			buildConfigurationList = 232A039726A5FA70000EA329 /* Build configuration list for PBXNativeTarget "ToDo ListTests" */;
			buildPhases = (
				232A037C26A5FA70000EA329 /* Sources */,
				232A037D26A5FA70000EA329 /* Frameworks */,
				232A037E26A5FA70000EA329 /* Resources */,
			);
			buildRules = (
			);
			dependencies = (
				232A038226A5FA70000EA329 /* PBXTargetDependency */,
			);
			name = "ToDo ListTests";
			productName = "ToDo ListTests";
			productReference = 232A038026A5FA70000EA329 /* ToDo ListTests.xctest */;
			productType = "com.apple.product-type.bundle.unit-test";
		};
		232A038A26A5FA70000EA329 /* ToDo ListUITests */ = {
			isa = PBXNativeTarget;
			buildConfigurationList = 232A039A26A5FA70000EA329 /* Build configuration list for PBXNativeTarget "ToDo ListUITests" */;
			buildPhases = (
				232A038726A5FA70000EA329 /* Sources */,
				232A038826A5FA70000EA329 /* Frameworks */,
				232A038926A5FA70000EA329 /* Resources */,
			);
			buildRules = (
			);
			dependencies = (
				232A038D26A5FA70000EA329 /* PBXTargetDependency */,
			);
			name = "ToDo ListUITests";
			productName = "ToDo ListUITests";
			productReference = 232A038B26A5FA70000EA329 /* ToDo ListUITests.xctest */;
			productType = "com.apple.product-type.bundle.ui-testing";
		};
/* End PBXNativeTarget section */

/* Begin PBXProject section */
		232A035F26A5FA6B000EA329 /* Project object */ = {
			isa = PBXProject;
			attributes = {
				LastSwiftUpdateCheck = 1250;
				LastUpgradeCheck = 1250;
				TargetAttributes = {
					232A036626A5FA6B000EA329 = {
						CreatedOnToolsVersion = 12.5.1;
					};
					232A037F26A5FA70000EA329 = {
						CreatedOnToolsVersion = 12.5.1;
						TestTargetID = 232A036626A5FA6B000EA329;
					};
					232A038A26A5FA70000EA329 = {
						CreatedOnToolsVersion = 12.5.1;
						TestTargetID = 232A036626A5FA6B000EA329;
					};
				};
			};
			buildConfigurationList = 232A036226A5FA6B000EA329 /* Build configuration list for PBXProject "ToDo List" */;
			compatibilityVersion = "Xcode 9.3";
			developmentRegion = en;
			hasScannedForEncodings = 0;
			knownRegions = (
				en,
				Base,
			);
			mainGroup = 232A035E26A5FA6B000EA329;
			productRefGroup = 232A036826A5FA6C000EA329 /* Products */;
			projectDirPath = "";
			projectRoot = "";
			targets = (
				232A036626A5FA6B000EA329 /* ToDo List */,
				232A037F26A5FA70000EA329 /* ToDo ListTests */,
				232A038A26A5FA70000EA329 /* ToDo ListUITests */,
			);
		};
/* End PBXProject section */

/* Begin PBXResourcesBuildPhase section */
		232A036526A5FA6B000EA329 /* Resources */ = {
			isa = PBXResourcesBuildPhase;
			buildActionMask = 2147483647;
			files = (
				232A037A26A5FA70000EA329 /* LaunchScreen.storyboard in Resources */,
				232A037726A5FA70000EA329 /* Assets.xcassets in Resources */,
				232A037226A5FA6C000EA329 /* Main.storyboard in Resources */,
			);
			runOnlyForDeploymentPostprocessing = 0;
		};
		232A037E26A5FA70000EA329 /* Resources */ = {
			isa = PBXResourcesBuildPhase;
			buildActionMask = 2147483647;
			files = (
			);
			runOnlyForDeploymentPostprocessing = 0;
		};
		232A038926A5FA70000EA329 /* Resources */ = {
			isa = PBXResourcesBuildPhase;
			buildActionMask = 2147483647;
			files = (
			);
			runOnlyForDeploymentPostprocessing = 0;
		};
/* End PBXResourcesBuildPhase section */

/* Begin PBXSourcesBuildPhase section */
		232A036326A5FA6B000EA329 /* Sources */ = {
			isa = PBXSourcesBuildPhase;
			buildActionMask = 2147483647;
			files = (
				232A036F26A5FA6C000EA329 /* ViewController.swift in Sources */,
				232A036B26A5FA6C000EA329 /* AppDelegate.swift in Sources */,
				232A036D26A5FA6C000EA329 /* SceneDelegate.swift in Sources */,
				232A037526A5FA6C000EA329 /* ToDo_List.xcdatamodeld in Sources */,
			);
			runOnlyForDeploymentPostprocessing = 0;
		};
		232A037C26A5FA70000EA329 /* Sources */ = {
			isa = PBXSourcesBuildPhase;
			buildActionMask = 2147483647;
			files = (
				232A038526A5FA70000EA329 /* ToDo_ListTests.swift in Sources */,
			);
			runOnlyForDeploymentPostprocessing = 0;
		};
		232A038726A5FA70000EA329 /* Sources */ = {
			isa = PBXSourcesBuildPhase;
			buildActionMask = 2147483647;
			files = (
				232A039026A5FA70000EA329 /* ToDo_ListUITests.swift in Sources */,
			);
			runOnlyForDeploymentPostprocessing = 0;
		};
/* End PBXSourcesBuildPhase section */

/* Begin PBXTargetDependency section */
		232A038226A5FA70000EA329 /* PBXTargetDependency */ = {
			isa = PBXTargetDependency;
			target = 232A036626A5FA6B000EA329 /* ToDo List */;
			targetProxy = 232A038126A5FA70000EA329 /* PBXContainerItemProxy */;
		};
		232A038D26A5FA70000EA329 /* PBXTargetDependency */ = {
			isa = PBXTargetDependency;
			target = 232A036626A5FA6B000EA329 /* ToDo List */;
			targetProxy = 232A038C26A5FA70000EA329 /* PBXContainerItemProxy */;
		};
/* End PBXTargetDependency section */

/* Begin PBXVariantGroup section */
		232A037026A5FA6C000EA329 /* Main.storyboard */ = {
			isa = PBXVariantGroup;
			children = (
				232A037126A5FA6C000EA329 /* Base */,
			);
			name = Main.storyboard;
			sourceTree = "<group>";
		};
		232A037826A5FA70000EA329 /* LaunchScreen.storyboard */ = {
			isa = PBXVariantGroup;
			children = (
				232A037926A5FA70000EA329 /* Base */,
			);
			name = LaunchScreen.storyboard;
			sourceTree = "<group>";
		};
/* End PBXVariantGroup section */

/* Begin XCBuildConfiguration section */
		232A039226A5FA70000EA329 /* Debug */ = {
			isa = XCBuildConfiguration;
			buildSettings = {
				ALWAYS_SEARCH_USER_PATHS = NO;
				CLANG_ANALYZER_NONNULL = YES;
				CLANG_ANALYZER_NUMBER_OBJECT_CONVERSION = YES_AGGRESSIVE;
				CLANG_CXX_LANGUAGE_STANDARD = "gnu++14";
				CLANG_CXX_LIBRARY = "libc++";
				CLANG_ENABLE_MODULES = YES;
				CLANG_ENABLE_OBJC_ARC = YES;
				CLANG_ENABLE_OBJC_WEAK = YES;
				CLANG_WARN_BLOCK_CAPTURE_AUTORELEASING = YES;
				CLANG_WARN_BOOL_CONVERSION = YES;
				CLANG_WARN_COMMA = YES;
				CLANG_WARN_CONSTANT_CONVERSION = YES;
				CLANG_WARN_DEPRECATED_OBJC_IMPLEMENTATIONS = YES;
				CLANG_WARN_DIRECT_OBJC_ISA_USAGE = YES_ERROR;
				CLANG_WARN_DOCUMENTATION_COMMENTS = YES;
				CLANG_WARN_EMPTY_BODY = YES;
				CLANG_WARN_ENUM_CONVERSION = YES;
				CLANG_WARN_INFINITE_RECURSION = YES;
				CLANG_WARN_INT_CONVERSION = YES;
				CLANG_WARN_NON_LITERAL_NULL_CONVERSION = YES;
				CLANG_WARN_OBJC_IMPLICIT_RETAIN_SELF = YES;
				CLANG_WARN_OBJC_LITERAL_CONVERSION = YES;
				CLANG_WARN_OBJC_ROOT_CLASS = YES_ERROR;
				CLANG_WARN_QUOTED_INCLUDE_IN_FRAMEWORK_HEADER = YES;
				CLANG_WARN_RANGE_LOOP_ANALYSIS = YES;
				CLANG_WARN_STRICT_PROTOTYPES = YES;
				CLANG_WARN_SUSPICIOUS_MOVE = YES;
				CLANG_WARN_UNGUARDED_AVAILABILITY = YES_AGGRESSIVE;
				CLANG_WARN_UNREACHABLE_CODE = YES;
				CLANG_WARN__DUPLICATE_METHOD_MATCH = YES;
				COPY_PHASE_STRIP = NO;
				DEBUG_INFORMATION_FORMAT = dwarf;
				ENABLE_STRICT_OBJC_MSGSEND = YES;
				ENABLE_TESTABILITY = YES;
				GCC_C_LANGUAGE_STANDARD = gnu11;
				GCC_DYNAMIC_NO_PIC = NO;
				GCC_NO_COMMON_BLOCKS = YES;
				GCC_OPTIMIZATION_LEVEL = 0;
				GCC_PREPROCESSOR_DEFINITIONS = (
					"DEBUG=1",
					"$(inherited)",
				);
				GCC_WARN_64_TO_32_BIT_CONVERSION = YES;
				GCC_WARN_ABOUT_RETURN_TYPE = YES_ERROR;
				GCC_WARN_UNDECLARED_SELECTOR = YES;
				GCC_WARN_UNINITIALIZED_AUTOS = YES_AGGRESSIVE;
				GCC_WARN_UNUSED_FUNCTION = YES;
				GCC_WARN_UNUSED_VARIABLE = YES;
				IPHONEOS_DEPLOYMENT_TARGET = 14.5;
				MTL_ENABLE_DEBUG_INFO = INCLUDE_SOURCE;
				MTL_FAST_MATH = YES;
				ONLY_ACTIVE_ARCH = YES;
				SDKROOT = iphoneos;
				SWIFT_ACTIVE_COMPILATION_CONDITIONS = DEBUG;
				SWIFT_OPTIMIZATION_LEVEL = "-Onone";
			};
			name = Debug;
		};
		232A039326A5FA70000EA329 /* Release */ = {
			isa = XCBuildConfiguration;
			buildSettings = {
				ALWAYS_SEARCH_USER_PATHS = NO;
				CLANG_ANALYZER_NONNULL = YES;
				CLANG_ANALYZER_NUMBER_OBJECT_CONVERSION = YES_AGGRESSIVE;
				CLANG_CXX_LANGUAGE_STANDARD = "gnu++14";
				CLANG_CXX_LIBRARY = "libc++";
				CLANG_ENABLE_MODULES = YES;
				CLANG_ENABLE_OBJC_ARC = YES;
				CLANG_ENABLE_OBJC_WEAK = YES;
				CLANG_WARN_BLOCK_CAPTURE_AUTORELEASING = YES;
				CLANG_WARN_BOOL_CONVERSION = YES;
				CLANG_WARN_COMMA = YES;
				CLANG_WARN_CONSTANT_CONVERSION = YES;
				CLANG_WARN_DEPRECATED_OBJC_IMPLEMENTATIONS = YES;
				CLANG_WARN_DIRECT_OBJC_ISA_USAGE = YES_ERROR;
				CLANG_WARN_DOCUMENTATION_COMMENTS = YES;
				CLANG_WARN_EMPTY_BODY = YES;
				CLANG_WARN_ENUM_CONVERSION = YES;
				CLANG_WARN_INFINITE_RECURSION = YES;
				CLANG_WARN_INT_CONVERSION = YES;
				CLANG_WARN_NON_LITERAL_NULL_CONVERSION = YES;
				CLANG_WARN_OBJC_IMPLICIT_RETAIN_SELF = YES;
				CLANG_WARN_OBJC_LITERAL_CONVERSION = YES;
				CLANG_WARN_OBJC_ROOT_CLASS = YES_ERROR;
				CLANG_WARN_QUOTED_INCLUDE_IN_FRAMEWORK_HEADER = YES;
				CLANG_WARN_RANGE_LOOP_ANALYSIS = YES;
				CLANG_WARN_STRICT_PROTOTYPES = YES;
				CLANG_WARN_SUSPICIOUS_MOVE = YES;
				CLANG_WARN_UNGUARDED_AVAILABILITY = YES_AGGRESSIVE;
				CLANG_WARN_UNREACHABLE_CODE = YES;
				CLANG_WARN__DUPLICATE_METHOD_MATCH = YES;
				COPY_PHASE_STRIP = NO;
				DEBUG_INFORMATION_FORMAT = "dwarf-with-dsym";
				ENABLE_NS_ASSERTIONS = NO;
				ENABLE_STRICT_OBJC_MSGSEND = YES;
				GCC_C_LANGUAGE_STANDARD = gnu11;
				GCC_NO_COMMON_BLOCKS = YES;
				GCC_WARN_64_TO_32_BIT_CONVERSION = YES;
				GCC_WARN_ABOUT_RETURN_TYPE = YES_ERROR;
				GCC_WARN_UNDECLARED_SELECTOR = YES;
				GCC_WARN_UNINITIALIZED_AUTOS = YES_AGGRESSIVE;
				GCC_WARN_UNUSED_FUNCTION = YES;
				GCC_WARN_UNUSED_VARIABLE = YES;
				IPHONEOS_DEPLOYMENT_TARGET = 14.5;
				MTL_ENABLE_DEBUG_INFO = NO;
				MTL_FAST_MATH = YES;
				SDKROOT = iphoneos;
				SWIFT_COMPILATION_MODE = wholemodule;
				SWIFT_OPTIMIZATION_LEVEL = "-O";
				VALIDATE_PRODUCT = YES;
			};
			name = Release;
		};
		232A039526A5FA70000EA329 /* Debug */ = {
			isa = XCBuildConfiguration;
			buildSettings = {
				ASSETCATALOG_COMPILER_APPICON_NAME = AppIcon;
				ASSETCATALOG_COMPILER_GLOBAL_ACCENT_COLOR_NAME = AccentColor;
				CODE_SIGN_STYLE = Automatic;
				INFOPLIST_FILE = "ToDo List/Info.plist";
				LD_RUNPATH_SEARCH_PATHS = (
					"$(inherited)",
					"@executable_path/Frameworks",
				);
				PRODUCT_BUNDLE_IDENTIFIER = "KWK.ToDo-List";
				PRODUCT_NAME = "$(TARGET_NAME)";
				SWIFT_VERSION = 5.0;
				TARGETED_DEVICE_FAMILY = "1,2";
			};
			name = Debug;
		};
		232A039626A5FA70000EA329 /* Release */ = {
			isa = XCBuildConfiguration;
			buildSettings = {
				ASSETCATALOG_COMPILER_APPICON_NAME = AppIcon;
				ASSETCATALOG_COMPILER_GLOBAL_ACCENT_COLOR_NAME = AccentColor;
				CODE_SIGN_STYLE = Automatic;
				INFOPLIST_FILE = "ToDo List/Info.plist";
				LD_RUNPATH_SEARCH_PATHS = (
					"$(inherited)",
					"@executable_path/Frameworks",
				);
				PRODUCT_BUNDLE_IDENTIFIER = "KWK.ToDo-List";
				PRODUCT_NAME = "$(TARGET_NAME)";
				SWIFT_VERSION = 5.0;
				TARGETED_DEVICE_FAMILY = "1,2";
			};
			name = Release;
		};
		232A039826A5FA70000EA329 /* Debug */ = {
			isa = XCBuildConfiguration;
			buildSettings = {
				ALWAYS_EMBED_SWIFT_STANDARD_LIBRARIES = YES;
				BUNDLE_LOADER = "$(TEST_HOST)";
				CODE_SIGN_STYLE = Automatic;
				INFOPLIST_FILE = "ToDo ListTests/Info.plist";
				IPHONEOS_DEPLOYMENT_TARGET = 14.5;
				LD_RUNPATH_SEARCH_PATHS = (
					"$(inherited)",
					"@executable_path/Frameworks",
					"@loader_path/Frameworks",
				);
				PRODUCT_BUNDLE_IDENTIFIER = "KWK.ToDo-ListTests";
				PRODUCT_NAME = "$(TARGET_NAME)";
				SWIFT_VERSION = 5.0;
				TARGETED_DEVICE_FAMILY = "1,2";
				TEST_HOST = "$(BUILT_PRODUCTS_DIR)/ToDo List.app/ToDo List";
			};
			name = Debug;
		};
		232A039926A5FA70000EA329 /* Release */ = {
			isa = XCBuildConfiguration;
			buildSettings = {
				ALWAYS_EMBED_SWIFT_STANDARD_LIBRARIES = YES;
				BUNDLE_LOADER = "$(TEST_HOST)";
				CODE_SIGN_STYLE = Automatic;
				INFOPLIST_FILE = "ToDo ListTests/Info.plist";
				IPHONEOS_DEPLOYMENT_TARGET = 14.5;
				LD_RUNPATH_SEARCH_PATHS = (
					"$(inherited)",
					"@executable_path/Frameworks",
					"@loader_path/Frameworks",
				);
				PRODUCT_BUNDLE_IDENTIFIER = "KWK.ToDo-ListTests";
				PRODUCT_NAME = "$(TARGET_NAME)";
				SWIFT_VERSION = 5.0;
				TARGETED_DEVICE_FAMILY = "1,2";
				TEST_HOST = "$(BUILT_PRODUCTS_DIR)/ToDo List.app/ToDo List";
			};
			name = Release;
		};
		232A039B26A5FA70000EA329 /* Debug */ = {
			isa = XCBuildConfiguration;
			buildSettings = {
				ALWAYS_EMBED_SWIFT_STANDARD_LIBRARIES = YES;
				CODE_SIGN_STYLE = Automatic;
				INFOPLIST_FILE = "ToDo ListUITests/Info.plist";
				LD_RUNPATH_SEARCH_PATHS = (
					"$(inherited)",
					"@executable_path/Frameworks",
					"@loader_path/Frameworks",
				);
				PRODUCT_BUNDLE_IDENTIFIER = "KWK.ToDo-ListUITests";
				PRODUCT_NAME = "$(TARGET_NAME)";
				SWIFT_VERSION = 5.0;
				TARGETED_DEVICE_FAMILY = "1,2";
				TEST_TARGET_NAME = "ToDo List";
			};
			name = Debug;
		};
		232A039C26A5FA70000EA329 /* Release */ = {
			isa = XCBuildConfiguration;
			buildSettings = {
				ALWAYS_EMBED_SWIFT_STANDARD_LIBRARIES = YES;
				CODE_SIGN_STYLE = Automatic;
				INFOPLIST_FILE = "ToDo ListUITests/Info.plist";
				LD_RUNPATH_SEARCH_PATHS = (
					"$(inherited)",
					"@executable_path/Frameworks",
					"@loader_path/Frameworks",
				);
				PRODUCT_BUNDLE_IDENTIFIER = "KWK.ToDo-ListUITests";
				PRODUCT_NAME = "$(TARGET_NAME)";
				SWIFT_VERSION = 5.0;
				TARGETED_DEVICE_FAMILY = "1,2";
				TEST_TARGET_NAME = "ToDo List";
			};
			name = Release;
		};
/* End XCBuildConfiguration section */

/* Begin XCConfigurationList section */
		232A036226A5FA6B000EA329 /* Build configuration list for PBXProject "ToDo List" */ = {
			isa = XCConfigurationList;
			buildConfigurations = (
				232A039226A5FA70000EA329 /* Debug */,
				232A039326A5FA70000EA329 /* Release */,
			);
			defaultConfigurationIsVisible = 0;
			defaultConfigurationName = Release;
		};
		232A039426A5FA70000EA329 /* Build configuration list for PBXNativeTarget "ToDo List" */ = {
			isa = XCConfigurationList;
			buildConfigurations = (
				232A039526A5FA70000EA329 /* Debug */,
				232A039626A5FA70000EA329 /* Release */,
			);
			defaultConfigurationIsVisible = 0;
			defaultConfigurationName = Release;
		};
		232A039726A5FA70000EA329 /* Build configuration list for PBXNativeTarget "ToDo ListTests" */ = {
			isa = XCConfigurationList;
			buildConfigurations = (
				232A039826A5FA70000EA329 /* Debug */,
				232A039926A5FA70000EA329 /* Release */,
			);
			defaultConfigurationIsVisible = 0;
			defaultConfigurationName = Release;
		};
		232A039A26A5FA70000EA329 /* Build configuration list for PBXNativeTarget "ToDo ListUITests" */ = {
			isa = XCConfigurationList;
			buildConfigurations = (
				232A039B26A5FA70000EA329 /* Debug */,
				232A039C26A5FA70000EA329 /* Release */,
			);
			defaultConfigurationIsVisible = 0;
			defaultConfigurationName = Release;
		};
/* End XCConfigurationList section */

/* Begin XCVersionGroup section */
		232A037326A5FA6C000EA329 /* ToDo_List.xcdatamodeld */ = {
			isa = XCVersionGroup;
			children = (
				232A037426A5FA6C000EA329 /* ToDo_List.xcdatamodel */,
			);
			currentVersion = 232A037426A5FA6C000EA329 /* ToDo_List.xcdatamodel */;
			path = ToDo_List.xcdatamodeld;
			sourceTree = "<group>";
			versionGroupType = wrapper.xcdatamodel;
		};
/* End XCVersionGroup section */
	};
	rootObject = 232A035F26A5FA6B000EA329 /* Project object */;
}
